
Microsoft Visual Studio Solution File, Format Version 12.00
# Visual Studio Version 17
VisualStudioVersion = 17.3.32929.385
MinimumVisualStudioVersion = 10.0.40219.1
Project("{FAE04EC0-301F-11D3-BF4B-00C04F79EFBC}") = "Ex_6", "Ex_6\Ex_6.csproj", "{C3C00ECF-BC76-4F98-A384-96DB2A369B8F}"
EndProject
Global
	GlobalSection(SolutionConfigurationPlatforms) = preSolution
		Debug|Any CPU = Debug|Any CPU
		Release|Any CPU = Release|Any CPU
	EndGlobalSection
	GlobalSection(ProjectConfigurationPlatforms) = postSolution
		{C3C00ECF-BC76-4F98-A384-96DB2A369B8F}.Debug|Any CPU.ActiveCfg = Debug|Any CPU
		{C3C00ECF-BC76-4F98-A384-96DB2A369B8F}.Debug|Any CPU.Build.0 = Debug|Any CPU
		{C3C00ECF-BC76-4F98-A384-96DB2A369B8F}.Release|Any CPU.ActiveCfg = Release|Any CPU
		{C3C00ECF-BC76-4F98-A384-96DB2A369B8F}.Release|Any CPU.Build.0 = Release|Any CPU
	EndGlobalSection
	GlobalSection(SolutionProperties) = preSolution
		HideSolutionNode = FALSE
	EndGlobalSection
	GlobalSection(ExtensibilityGlobals) = postSolution
		SolutionGuid = {04287AE4-B41F-4419-B804-D5D007F06A41}
	EndGlobalSection
EndGlobal
