
Microsoft Visual Studio Solution File, Format Version 12.00
# Visual Studio Version 17
VisualStudioVersion = 17.3.32929.385
MinimumVisualStudioVersion = 10.0.40219.1
Project("{FAE04EC0-301F-11D3-BF4B-00C04F79EFBC}") = "Ex_19", "Ex_19\Ex_19.csproj", "{716C9700-0679-4AEE-81F6-4BEE7AAEFC62}"
EndProject
Global
	GlobalSection(SolutionConfigurationPlatforms) = preSolution
		Debug|Any CPU = Debug|Any CPU
		Release|Any CPU = Release|Any CPU
	EndGlobalSection
	GlobalSection(ProjectConfigurationPlatforms) = postSolution
		{716C9700-0679-4AEE-81F6-4BEE7AAEFC62}.Debug|Any CPU.ActiveCfg = Debug|Any CPU
		{716C9700-0679-4AEE-81F6-4BEE7AAEFC62}.Debug|Any CPU.Build.0 = Debug|Any CPU
		{716C9700-0679-4AEE-81F6-4BEE7AAEFC62}.Release|Any CPU.ActiveCfg = Release|Any CPU
		{716C9700-0679-4AEE-81F6-4BEE7AAEFC62}.Release|Any CPU.Build.0 = Release|Any CPU
	EndGlobalSection
	GlobalSection(SolutionProperties) = preSolution
		HideSolutionNode = FALSE
	EndGlobalSection
	GlobalSection(ExtensibilityGlobals) = postSolution
		SolutionGuid = {20A25B00-0DA3-4799-BCC7-0540C34E801B}
	EndGlobalSection
EndGlobal
